
Microsoft Visual Studio Solution File, Format Version 12.00
# Visual Studio 15
VisualStudioVersion = 15.0.26124.0
MinimumVisualStudioVersion = 15.0.26124.0
Project("{2150E333-8FDC-42A3-9474-1A3956D46DE8}") = "src", "src", "{97345C3A-27FB-4C5A-AF23-5974F9714DEF}"
EndProject
Project("{FAE04EC0-301F-11D3-BF4B-00C04F79EFBC}") = "AdaCodeStudio.Core", "src\AdaCodeStudio.Core\AdaCodeStudio.Core.csproj", "{2D7A2721-12CE-4EB9-A1E0-C632FD92E729}"
EndProject
Project("{FAE04EC0-301F-11D3-BF4B-00C04F79EFBC}") = "AdaCodeStudio.Infra", "src\AdaCodeStudio.Infra\AdaCodeStudio.Infra.csproj", "{78789C4D-E87D-4CC3-8B17-D8D4D06DBC0D}"
EndProject
Project("{FAE04EC0-301F-11D3-BF4B-00C04F79EFBC}") = "AdaCodeStudio.API", "src\AdaCodeStudio.API\AdaCodeStudio.API.csproj", "{668E949A-C720-4A3C-BC5B-D953A5CFCE66}"
EndProject
Project("{2150E333-8FDC-42A3-9474-1A3956D46DE8}") = "tests", "tests", "{03E906AD-BBC9-46FC-BCFD-1539C9B8CD19}"
EndProject
Project("{FAE04EC0-301F-11D3-BF4B-00C04F79EFBC}") = "AdaCodeStudio.UnitTests", "tests\AdaCodeStudio.UnitTests\AdaCodeStudio.UnitTests.csproj", "{0AFD0B6C-C5A7-4F34-948F-20283B87D428}"
EndProject
Project("{FAE04EC0-301F-11D3-BF4B-00C04F79EFBC}") = "AdaCodeStudio.IntegrationTests", "tests\AdaCodeStudio.IntegrationTests\AdaCodeStudio.IntegrationTests.csproj", "{9004B7F4-D6CB-4D9C-AAA0-8465793155F5}"
EndProject
Project("{FAE04EC0-301F-11D3-BF4B-00C04F79EFBC}") = "AdaCodeStudio.FunctionalTests", "tests\AdaCodeStudio.FunctionalTests\AdaCodeStudio.FunctionalTests.csproj", "{E20E8001-38E3-4E56-8D06-931BDBBCF2C0}"
EndProject
Global
	GlobalSection(SolutionConfigurationPlatforms) = preSolution
		Debug|Any CPU = Debug|Any CPU
		Debug|x64 = Debug|x64
		Debug|x86 = Debug|x86
		Release|Any CPU = Release|Any CPU
		Release|x64 = Release|x64
		Release|x86 = Release|x86
	EndGlobalSection
	GlobalSection(SolutionProperties) = preSolution
		HideSolutionNode = FALSE
	EndGlobalSection
	GlobalSection(ProjectConfigurationPlatforms) = postSolution
		{2D7A2721-12CE-4EB9-A1E0-C632FD92E729}.Debug|Any CPU.ActiveCfg = Debug|Any CPU
		{2D7A2721-12CE-4EB9-A1E0-C632FD92E729}.Debug|Any CPU.Build.0 = Debug|Any CPU
		{2D7A2721-12CE-4EB9-A1E0-C632FD92E729}.Debug|x64.ActiveCfg = Debug|Any CPU
		{2D7A2721-12CE-4EB9-A1E0-C632FD92E729}.Debug|x64.Build.0 = Debug|Any CPU
		{2D7A2721-12CE-4EB9-A1E0-C632FD92E729}.Debug|x86.ActiveCfg = Debug|Any CPU
		{2D7A2721-12CE-4EB9-A1E0-C632FD92E729}.Debug|x86.Build.0 = Debug|Any CPU
		{2D7A2721-12CE-4EB9-A1E0-C632FD92E729}.Release|Any CPU.ActiveCfg = Release|Any CPU
		{2D7A2721-12CE-4EB9-A1E0-C632FD92E729}.Release|Any CPU.Build.0 = Release|Any CPU
		{2D7A2721-12CE-4EB9-A1E0-C632FD92E729}.Release|x64.ActiveCfg = Release|Any CPU
		{2D7A2721-12CE-4EB9-A1E0-C632FD92E729}.Release|x64.Build.0 = Release|Any CPU
		{2D7A2721-12CE-4EB9-A1E0-C632FD92E729}.Release|x86.ActiveCfg = Release|Any CPU
		{2D7A2721-12CE-4EB9-A1E0-C632FD92E729}.Release|x86.Build.0 = Release|Any CPU
		{78789C4D-E87D-4CC3-8B17-D8D4D06DBC0D}.Debug|Any CPU.ActiveCfg = Debug|Any CPU
		{78789C4D-E87D-4CC3-8B17-D8D4D06DBC0D}.Debug|Any CPU.Build.0 = Debug|Any CPU
		{78789C4D-E87D-4CC3-8B17-D8D4D06DBC0D}.Debug|x64.ActiveCfg = Debug|Any CPU
		{78789C4D-E87D-4CC3-8B17-D8D4D06DBC0D}.Debug|x64.Build.0 = Debug|Any CPU
		{78789C4D-E87D-4CC3-8B17-D8D4D06DBC0D}.Debug|x86.ActiveCfg = Debug|Any CPU
		{78789C4D-E87D-4CC3-8B17-D8D4D06DBC0D}.Debug|x86.Build.0 = Debug|Any CPU
		{78789C4D-E87D-4CC3-8B17-D8D4D06DBC0D}.Release|Any CPU.ActiveCfg = Release|Any CPU
		{78789C4D-E87D-4CC3-8B17-D8D4D06DBC0D}.Release|Any CPU.Build.0 = Release|Any CPU
		{78789C4D-E87D-4CC3-8B17-D8D4D06DBC0D}.Release|x64.ActiveCfg = Release|Any CPU
		{78789C4D-E87D-4CC3-8B17-D8D4D06DBC0D}.Release|x64.Build.0 = Release|Any CPU
		{78789C4D-E87D-4CC3-8B17-D8D4D06DBC0D}.Release|x86.ActiveCfg = Release|Any CPU
		{78789C4D-E87D-4CC3-8B17-D8D4D06DBC0D}.Release|x86.Build.0 = Release|Any CPU
		{668E949A-C720-4A3C-BC5B-D953A5CFCE66}.Debug|Any CPU.ActiveCfg = Debug|Any CPU
		{668E949A-C720-4A3C-BC5B-D953A5CFCE66}.Debug|Any CPU.Build.0 = Debug|Any CPU
		{668E949A-C720-4A3C-BC5B-D953A5CFCE66}.Debug|x64.ActiveCfg = Debug|Any CPU
		{668E949A-C720-4A3C-BC5B-D953A5CFCE66}.Debug|x64.Build.0 = Debug|Any CPU
		{668E949A-C720-4A3C-BC5B-D953A5CFCE66}.Debug|x86.ActiveCfg = Debug|Any CPU
		{668E949A-C720-4A3C-BC5B-D953A5CFCE66}.Debug|x86.Build.0 = Debug|Any CPU
		{668E949A-C720-4A3C-BC5B-D953A5CFCE66}.Release|Any CPU.ActiveCfg = Release|Any CPU
		{668E949A-C720-4A3C-BC5B-D953A5CFCE66}.Release|Any CPU.Build.0 = Release|Any CPU
		{668E949A-C720-4A3C-BC5B-D953A5CFCE66}.Release|x64.ActiveCfg = Release|Any CPU
		{668E949A-C720-4A3C-BC5B-D953A5CFCE66}.Release|x64.Build.0 = Release|Any CPU
		{668E949A-C720-4A3C-BC5B-D953A5CFCE66}.Release|x86.ActiveCfg = Release|Any CPU
		{668E949A-C720-4A3C-BC5B-D953A5CFCE66}.Release|x86.Build.0 = Release|Any CPU
		{0AFD0B6C-C5A7-4F34-948F-20283B87D428}.Debug|Any CPU.ActiveCfg = Debug|Any CPU
		{0AFD0B6C-C5A7-4F34-948F-20283B87D428}.Debug|Any CPU.Build.0 = Debug|Any CPU
		{0AFD0B6C-C5A7-4F34-948F-20283B87D428}.Debug|x64.ActiveCfg = Debug|Any CPU
		{0AFD0B6C-C5A7-4F34-948F-20283B87D428}.Debug|x64.Build.0 = Debug|Any CPU
		{0AFD0B6C-C5A7-4F34-948F-20283B87D428}.Debug|x86.ActiveCfg = Debug|Any CPU
		{0AFD0B6C-C5A7-4F34-948F-20283B87D428}.Debug|x86.Build.0 = Debug|Any CPU
		{0AFD0B6C-C5A7-4F34-948F-20283B87D428}.Release|Any CPU.ActiveCfg = Release|Any CPU
		{0AFD0B6C-C5A7-4F34-948F-20283B87D428}.Release|Any CPU.Build.0 = Release|Any CPU
		{0AFD0B6C-C5A7-4F34-948F-20283B87D428}.Release|x64.ActiveCfg = Release|Any CPU
		{0AFD0B6C-C5A7-4F34-948F-20283B87D428}.Release|x64.Build.0 = Release|Any CPU
		{0AFD0B6C-C5A7-4F34-948F-20283B87D428}.Release|x86.ActiveCfg = Release|Any CPU
		{0AFD0B6C-C5A7-4F34-948F-20283B87D428}.Release|x86.Build.0 = Release|Any CPU
		{9004B7F4-D6CB-4D9C-AAA0-8465793155F5}.Debug|Any CPU.ActiveCfg = Debug|Any CPU
		{9004B7F4-D6CB-4D9C-AAA0-8465793155F5}.Debug|Any CPU.Build.0 = Debug|Any CPU
		{9004B7F4-D6CB-4D9C-AAA0-8465793155F5}.Debug|x64.ActiveCfg = Debug|Any CPU
		{9004B7F4-D6CB-4D9C-AAA0-8465793155F5}.Debug|x64.Build.0 = Debug|Any CPU
		{9004B7F4-D6CB-4D9C-AAA0-8465793155F5}.Debug|x86.ActiveCfg = Debug|Any CPU
		{9004B7F4-D6CB-4D9C-AAA0-8465793155F5}.Debug|x86.Build.0 = Debug|Any CPU
		{9004B7F4-D6CB-4D9C-AAA0-8465793155F5}.Release|Any CPU.ActiveCfg = Release|Any CPU
		{9004B7F4-D6CB-4D9C-AAA0-8465793155F5}.Release|Any CPU.Build.0 = Release|Any CPU
		{9004B7F4-D6CB-4D9C-AAA0-8465793155F5}.Release|x64.ActiveCfg = Release|Any CPU
		{9004B7F4-D6CB-4D9C-AAA0-8465793155F5}.Release|x64.Build.0 = Release|Any CPU
		{9004B7F4-D6CB-4D9C-AAA0-8465793155F5}.Release|x86.ActiveCfg = Release|Any CPU
		{9004B7F4-D6CB-4D9C-AAA0-8465793155F5}.Release|x86.Build.0 = Release|Any CPU
		{E20E8001-38E3-4E56-8D06-931BDBBCF2C0}.Debug|Any CPU.ActiveCfg = Debug|Any CPU
		{E20E8001-38E3-4E56-8D06-931BDBBCF2C0}.Debug|Any CPU.Build.0 = Debug|Any CPU
		{E20E8001-38E3-4E56-8D06-931BDBBCF2C0}.Debug|x64.ActiveCfg = Debug|Any CPU
		{E20E8001-38E3-4E56-8D06-931BDBBCF2C0}.Debug|x64.Build.0 = Debug|Any CPU
		{E20E8001-38E3-4E56-8D06-931BDBBCF2C0}.Debug|x86.ActiveCfg = Debug|Any CPU
		{E20E8001-38E3-4E56-8D06-931BDBBCF2C0}.Debug|x86.Build.0 = Debug|Any CPU
		{E20E8001-38E3-4E56-8D06-931BDBBCF2C0}.Release|Any CPU.ActiveCfg = Release|Any CPU
		{E20E8001-38E3-4E56-8D06-931BDBBCF2C0}.Release|Any CPU.Build.0 = Release|Any CPU
		{E20E8001-38E3-4E56-8D06-931BDBBCF2C0}.Release|x64.ActiveCfg = Release|Any CPU
		{E20E8001-38E3-4E56-8D06-931BDBBCF2C0}.Release|x64.Build.0 = Release|Any CPU
		{E20E8001-38E3-4E56-8D06-931BDBBCF2C0}.Release|x86.ActiveCfg = Release|Any CPU
		{E20E8001-38E3-4E56-8D06-931BDBBCF2C0}.Release|x86.Build.0 = Release|Any CPU
	EndGlobalSection
	GlobalSection(NestedProjects) = preSolution
		{2D7A2721-12CE-4EB9-A1E0-C632FD92E729} = {97345C3A-27FB-4C5A-AF23-5974F9714DEF}
		{78789C4D-E87D-4CC3-8B17-D8D4D06DBC0D} = {97345C3A-27FB-4C5A-AF23-5974F9714DEF}
		{668E949A-C720-4A3C-BC5B-D953A5CFCE66} = {97345C3A-27FB-4C5A-AF23-5974F9714DEF}
		{0AFD0B6C-C5A7-4F34-948F-20283B87D428} = {03E906AD-BBC9-46FC-BCFD-1539C9B8CD19}
		{9004B7F4-D6CB-4D9C-AAA0-8465793155F5} = {03E906AD-BBC9-46FC-BCFD-1539C9B8CD19}
		{E20E8001-38E3-4E56-8D06-931BDBBCF2C0} = {03E906AD-BBC9-46FC-BCFD-1539C9B8CD19}
	EndGlobalSection
EndGlobal
